{
  "name": "@fikeya/qarinah-sidecar",
  "version": "0.1.0",
  "lockfileVersion": 3,
  "requires": true,
  "packages": {
    "": {
      "name": "@fikeya/qarinah-sidecar",
      "version": "0.1.0",
      "license": "Apache-2.0",
      "dependencies": {
        "qarinah": "0.4.0"
      },
      "engines": {
        "node": "^22.13.0 || ^24.0.0 || ^26.0.0"
      }
    },
    "node_modules/ignore": {
      "version": "7.0.6",
      "resolved": "https://registry.npmjs.org/ignore/-/ignore-7.0.6.tgz",
      "integrity": "sha512-BAg6QkE8W+TuQLrrw0Ugr7HegXduRuuj8/ti2kSOc+jz1dmx8/WNcjr6XGnq5YpDWxFwwaavqD0+jIUOKelTsw==",
      "license": "MIT",
      "engines": {
        "node": ">= 4"
      }
    },
    "node_modules/qarinah": {
      "version": "0.4.0",
      "resolved": "https://registry.npmjs.org/qarinah/-/qarinah-0.4.0.tgz",
      "integrity": "sha512-RGHR01rk7hj9zofJlxU/p8gehbYWD8hAXjmYlzMK9wRaNz/VSzDPSvn7t3hhQlHUA/ivqBvn8bCLbTWRVyNqjA==",
      "license": "Apache-2.0",
      "dependencies": {
        "ignore": "7.0.6",
        "typescript-classic": "npm:typescript@5.9.3"
      },
      "bin": {
        "qarinah": "bin/qarinah.js",
        "qarinah-lsp": "bin/qarinah-lsp.js"
      },
      "engines": {
        "node": "^22.13.0 || ^24.0.0 || ^26.0.0"
      }
    },
    "node_modules/typescript-classic": {
      "name": "typescript",
      "version": "5.9.3",
      "resolved": "https://registry.npmjs.org/typescript/-/typescript-5.9.3.tgz",
      "integrity": "sha512-jl1vZzPDinLr9eUt3J/t7V6FgNEw9QjvBPdysz9KfQDD41fQrC2Y4vKQdiaUpFT4bXlb1RHhLpp8wtm6M5TgSw==",
      "license": "Apache-2.0",
      "bin": {
        "tsc": "bin/tsc",
        "tsserver": "bin/tsserver"
      },
      "engines": {
        "node": ">=14.17"
      }
    }
  }
}
